
Microsoft Visual Studio Solution File, Format Version 12.00
# Visual Studio Version 17
VisualStudioVersion = 17.5.33516.290
MinimumVisualStudioVersion = 10.0.40219.1
Project("{FAE04EC0-301F-11D3-BF4B-00C04F79EFBC}") = "DependencyMapping.Server", "DependencyMapping\Server\DependencyMapping.Server.csproj", "{CF02FACE-7B1E-4374-AA46-E8D0C81B1967}"
EndProject
Project("{FAE04EC0-301F-11D3-BF4B-00C04F79EFBC}") = "DependencyMapping.Client", "DependencyMapping\Client\DependencyMapping.Client.csproj", "{3665570E-4CD2-4EB0-A0BD-A9AAA5964C51}"
EndProject
Project("{FAE04EC0-301F-11D3-BF4B-00C04F79EFBC}") = "DependencyMapping.Shared", "DependencyMapping\Shared\DependencyMapping.Shared.csproj", "{8106B17E-5E60-41FC-9469-05797850B2DB}"
EndProject
Global
	GlobalSection(SolutionConfigurationPlatforms) = preSolution
		Debug|Any CPU = Debug|Any CPU
		Release|Any CPU = Release|Any CPU
	EndGlobalSection
	GlobalSection(ProjectConfigurationPlatforms) = postSolution
		{CF02FACE-7B1E-4374-AA46-E8D0C81B1967}.Debug|Any CPU.ActiveCfg = Debug|Any CPU
		{CF02FACE-7B1E-4374-AA46-E8D0C81B1967}.Debug|Any CPU.Build.0 = Debug|Any CPU
		{CF02FACE-7B1E-4374-AA46-E8D0C81B1967}.Release|Any CPU.ActiveCfg = Release|Any CPU
		{CF02FACE-7B1E-4374-AA46-E8D0C81B1967}.Release|Any CPU.Build.0 = Release|Any CPU
		{3665570E-4CD2-4EB0-A0BD-A9AAA5964C51}.Debug|Any CPU.ActiveCfg = Debug|Any CPU
		{3665570E-4CD2-4EB0-A0BD-A9AAA5964C51}.Debug|Any CPU.Build.0 = Debug|Any CPU
		{3665570E-4CD2-4EB0-A0BD-A9AAA5964C51}.Release|Any CPU.ActiveCfg = Release|Any CPU
		{3665570E-4CD2-4EB0-A0BD-A9AAA5964C51}.Release|Any CPU.Build.0 = Release|Any CPU
		{8106B17E-5E60-41FC-9469-05797850B2DB}.Debug|Any CPU.ActiveCfg = Debug|Any CPU
		{8106B17E-5E60-41FC-9469-05797850B2DB}.Debug|Any CPU.Build.0 = Debug|Any CPU
		{8106B17E-5E60-41FC-9469-05797850B2DB}.Release|Any CPU.ActiveCfg = Release|Any CPU
		{8106B17E-5E60-41FC-9469-05797850B2DB}.Release|Any CPU.Build.0 = Release|Any CPU
	EndGlobalSection
	GlobalSection(SolutionProperties) = preSolution
		HideSolutionNode = FALSE
	EndGlobalSection
	GlobalSection(ExtensibilityGlobals) = postSolution
		SolutionGuid = {EA96A0D1-6296-4D63-9D61-BB3680B2BD4D}
	EndGlobalSection
EndGlobal
